PODS:
  - LookinServer (1.0.0)
  - Masonry (1.1.0)

DEPENDENCIES:
  - LookinServer (= 1.0.0)
  - Masonry

SPEC REPOS:
  trunk:
    - LookinServer
    - Masonry

SPEC CHECKSUMS:
  LookinServer: 0002891cd3cec5e082a910e897dfe71b4f06b89e
  Masonry: 678fab65091a9290e40e2832a55e7ab731aad201

PODFILE CHECKSUM: ddade6a6e6b34800af33dac125b24f19a94d0e07

COCOAPODS: 1.15.2
