// !$*UTF8*$!
{
	archiveVersion = 1;
	classes = {
	};
	objectVersion = 56;
	objects = {

/* Begin PBXBuildFile section */
		A4B512FE2C2A968F009BE455 /* AppDelegate.m in Sources */ = {isa = PBXBuildFile; fileRef = A4B512FD2C2A968F009BE455 /* AppDelegate.m */; };
		A4B513012C2A968F009BE455 /* SceneDelegate.m in Sources */ = {isa = PBXBuildFile; fileRef = A4B513002C2A968F009BE455 /* SceneDelegate.m */; };
		A4B513042C2A968F009BE455 /* ViewController.m in Sources */ = {isa = PBXBuildFile; fileRef = A4B513032C2A968F009BE455 /* ViewController.m */; };
		A4B513072C2A968F009BE455 /* Base in Resources */ = {isa = PBXBuildFile; fileRef = A4B513062C2A968F009BE455 /* Base */; };
		A4B513092C2A9691009BE455 /* Assets.xcassets in Resources */ = {isa = PBXBuildFile; fileRef = A4B513082C2A9691009BE455 /* Assets.xcassets */; };
		A4B5130C2C2A9691009BE455 /* Base in Resources */ = {isa = PBXBuildFile; fileRef = A4B5130B2C2A9691009BE455 /* Base */; };
		A4B5130F2C2A9691009BE455 /* main.m in Sources */ = {isa = PBXBuildFile; fileRef = A4B5130E2C2A9691009BE455 /* main.m */; };
		A4B513182C2A96E3009BE455 /* RecorderView.m in Sources */ = {isa = PBXBuildFile; fileRef = A4B513172C2A96E3009BE455 /* RecorderView.m */; };
		A4B5131B2C2A98F3009BE455 /* SoundWavesView.m in Sources */ = {isa = PBXBuildFile; fileRef = A4B5131A2C2A98F3009BE455 /* SoundWavesView.m */; };
		A4B5131E2C2A9975009BE455 /* SoundWavesLine.m in Sources */ = {isa = PBXBuildFile; fileRef = A4B5131D2C2A9975009BE455 /* SoundWavesLine.m */; };
		A4B513212C2A998E009BE455 /* Recorder.m in Sources */ = {isa = PBXBuildFile; fileRef = A4B513202C2A998E009BE455 /* Recorder.m */; };
		A4B513242C2A99AF009BE455 /* TouchButton.m in Sources */ = {isa = PBXBuildFile; fileRef = A4B513232C2A99AF009BE455 /* TouchButton.m */; };
		A4B513272C2A99DB009BE455 /* ControlButton.m in Sources */ = {isa = PBXBuildFile; fileRef = A4B513262C2A99DB009BE455 /* ControlButton.m */; };
		A4B5132A2C2A99F0009BE455 /* RecorderBackgroundView.m in Sources */ = {isa = PBXBuildFile; fileRef = A4B513292C2A99F0009BE455 /* RecorderBackgroundView.m */; };
		A4B5132D2C2AA0A9009BE455 /* UIAlertController+Blocks.m in Sources */ = {isa = PBXBuildFile; fileRef = A4B5132B2C2AA0A9009BE455 /* UIAlertController+Blocks.m */; };
		F8B214688394860FCBA6D6A4 /* Pods_speechDemo.framework in Frameworks */ = {isa = PBXBuildFile; fileRef = 8A459CBFC11B8188127FF979 /* Pods_speechDemo.framework */; };
/* End PBXBuildFile section */

/* Begin PBXFileReference section */
		8A459CBFC11B8188127FF979 /* Pods_speechDemo.framework */ = {isa = PBXFileReference; explicitFileType = wrapper.framework; includeInIndex = 0; path = Pods_speechDemo.framework; sourceTree = BUILT_PRODUCTS_DIR; };
		8F1D6DA9B691E0D2C6F42CC8 /* Pods-speechDemo.debug.xcconfig */ = {isa = PBXFileReference; includeInIndex = 1; lastKnownFileType = text.xcconfig; name = "Pods-speechDemo.debug.xcconfig"; path = "Target Support Files/Pods-speechDemo/Pods-speechDemo.debug.xcconfig"; sourceTree = "<group>"; };
		921D74D0DEB3CF66388E368A /* Pods-speechDemo.release.xcconfig */ = {isa = PBXFileReference; includeInIndex = 1; lastKnownFileType = text.xcconfig; name = "Pods-speechDemo.release.xcconfig"; path = "Target Support Files/Pods-speechDemo/Pods-speechDemo.release.xcconfig"; sourceTree = "<group>"; };
		A4B512F92C2A968F009BE455 /* speechDemo.app */ = {isa = PBXFileReference; explicitFileType = wrapper.application; includeInIndex = 0; path = speechDemo.app; sourceTree = BUILT_PRODUCTS_DIR; };
		A4B512FC2C2A968F009BE455 /* AppDelegate.h */ = {isa = PBXFileReference; lastKnownFileType = sourcecode.c.h; path = AppDelegate.h; sourceTree = "<group>"; };
		A4B512FD2C2A968F009BE455 /* AppDelegate.m */ = {isa = PBXFileReference; lastKnownFileType = sourcecode.c.objc; path = AppDelegate.m; sourceTree = "<group>"; };
		A4B512FF2C2A968F009BE455 /* SceneDelegate.h */ = {isa = PBXFileReference; lastKnownFileType = sourcecode.c.h; path = SceneDelegate.h; sourceTree = "<group>"; };
		A4B513002C2A968F009BE455 /* SceneDelegate.m */ = {isa = PBXFileReference; lastKnownFileType = sourcecode.c.objc; path = SceneDelegate.m; sourceTree = "<group>"; };
		A4B513022C2A968F009BE455 /* ViewController.h */ = {isa = PBXFileReference; lastKnownFileType = sourcecode.c.h; path = ViewController.h; sourceTree = "<group>"; };
		A4B513032C2A968F009BE455 /* ViewController.m */ = {isa = PBXFileReference; lastKnownFileType = sourcecode.c.objc; path = ViewController.m; sourceTree = "<group>"; };
		A4B513062C2A968F009BE455 /* Base */ = {isa = PBXFileReference; lastKnownFileType = file.storyboard; name = Base; path = Base.lproj/Main.storyboard; sourceTree = "<group>"; };
		A4B513082C2A9691009BE455 /* Assets.xcassets */ = {isa = PBXFileReference; lastKnownFileType = folder.assetcatalog; path = Assets.xcassets; sourceTree = "<group>"; };
		A4B5130B2C2A9691009BE455 /* Base */ = {isa = PBXFileReference; lastKnownFileType = file.storyboard; name = Base; path = Base.lproj/LaunchScreen.storyboard; sourceTree = "<group>"; };
		A4B5130D2C2A9691009BE455 /* Info.plist */ = {isa = PBXFileReference; lastKnownFileType = text.plist.xml; path = Info.plist; sourceTree = "<group>"; };
		A4B5130E2C2A9691009BE455 /* main.m */ = {isa = PBXFileReference; lastKnownFileType = sourcecode.c.objc; path = main.m; sourceTree = "<group>"; };
		A4B513162C2A96E3009BE455 /* RecorderView.h */ = {isa = PBXFileReference; lastKnownFileType = sourcecode.c.h; path = RecorderView.h; sourceTree = "<group>"; };
		A4B513172C2A96E3009BE455 /* RecorderView.m */ = {isa = PBXFileReference; lastKnownFileType = sourcecode.c.objc; path = RecorderView.m; sourceTree = "<group>"; };
		A4B513192C2A98F3009BE455 /* SoundWavesView.h */ = {isa = PBXFileReference; lastKnownFileType = sourcecode.c.h; path = SoundWavesView.h; sourceTree = "<group>"; };
		A4B5131A2C2A98F3009BE455 /* SoundWavesView.m */ = {isa = PBXFileReference; lastKnownFileType = sourcecode.c.objc; path = SoundWavesView.m; sourceTree = "<group>"; };
		A4B5131C2C2A9975009BE455 /* SoundWavesLine.h */ = {isa = PBXFileReference; lastKnownFileType = sourcecode.c.h; path = SoundWavesLine.h; sourceTree = "<group>"; };
		A4B5131D2C2A9975009BE455 /* SoundWavesLine.m */ = {isa = PBXFileReference; lastKnownFileType = sourcecode.c.objc; path = SoundWavesLine.m; sourceTree = "<group>"; };
		A4B5131F2C2A998E009BE455 /* Recorder.h */ = {isa = PBXFileReference; lastKnownFileType = sourcecode.c.h; path = Recorder.h; sourceTree = "<group>"; };
		A4B513202C2A998E009BE455 /* Recorder.m */ = {isa = PBXFileReference; lastKnownFileType = sourcecode.c.objc; path = Recorder.m; sourceTree = "<group>"; };
		A4B513222C2A99AF009BE455 /* TouchButton.h */ = {isa = PBXFileReference; lastKnownFileType = sourcecode.c.h; path = TouchButton.h; sourceTree = "<group>"; };
		A4B513232C2A99AF009BE455 /* TouchButton.m */ = {isa = PBXFileReference; lastKnownFileType = sourcecode.c.objc; path = TouchButton.m; sourceTree = "<group>"; };
		A4B513252C2A99DB009BE455 /* ControlButton.h */ = {isa = PBXFileReference; lastKnownFileType = sourcecode.c.h; path = ControlButton.h; sourceTree = "<group>"; };
		A4B513262C2A99DB009BE455 /* ControlButton.m */ = {isa = PBXFileReference; lastKnownFileType = sourcecode.c.objc; path = ControlButton.m; sourceTree = "<group>"; };
		A4B513282C2A99F0009BE455 /* RecorderBackgroundView.h */ = {isa = PBXFileReference; lastKnownFileType = sourcecode.c.h; path = RecorderBackgroundView.h; sourceTree = "<group>"; };
		A4B513292C2A99F0009BE455 /* RecorderBackgroundView.m */ = {isa = PBXFileReference; lastKnownFileType = sourcecode.c.objc; path = RecorderBackgroundView.m; sourceTree = "<group>"; };
		A4B5132B2C2AA0A9009BE455 /* UIAlertController+Blocks.m */ = {isa = PBXFileReference; fileEncoding = 4; lastKnownFileType = sourcecode.c.objc; path = "UIAlertController+Blocks.m"; sourceTree = "<group>"; };
		A4B5132C2C2AA0A9009BE455 /* UIAlertController+Blocks.h */ = {isa = PBXFileReference; fileEncoding = 4; lastKnownFileType = sourcecode.c.h; path = "UIAlertController+Blocks.h"; sourceTree = "<group>"; };
/* End PBXFileReference section */

/* Begin PBXFrameworksBuildPhase section */
		A4B512F62C2A968F009BE455 /* Frameworks */ = {
			isa = PBXFrameworksBuildPhase;
			buildActionMask = 2147483647;
			files = (
				F8B214688394860FCBA6D6A4 /* Pods_speechDemo.framework in Frameworks */,
			);
			runOnlyForDeploymentPostprocessing = 0;
		};
/* End PBXFrameworksBuildPhase section */

/* Begin PBXGroup section */
		6E822B6D7F39B13D353C4D0B /* Pods */ = {
			isa = PBXGroup;
			children = (
				8F1D6DA9B691E0D2C6F42CC8 /* Pods-speechDemo.debug.xcconfig */,
				921D74D0DEB3CF66388E368A /* Pods-speechDemo.release.xcconfig */,
			);
			path = Pods;
			sourceTree = "<group>";
		};
		A4B512F02C2A968F009BE455 = {
			isa = PBXGroup;
			children = (
				A4B512FB2C2A968F009BE455 /* speechDemo */,
				A4B512FA2C2A968F009BE455 /* Products */,
				6E822B6D7F39B13D353C4D0B /* Pods */,
				B9A00681C2BB5E2B54F6D6D5 /* Frameworks */,
			);
			sourceTree = "<group>";
		};
		A4B512FA2C2A968F009BE455 /* Products */ = {
			isa = PBXGroup;
			children = (
				A4B512F92C2A968F009BE455 /* speechDemo.app */,
			);
			name = Products;
			sourceTree = "<group>";
		};
		A4B512FB2C2A968F009BE455 /* speechDemo */ = {
			isa = PBXGroup;
			children = (
				A4B513152C2A96B5009BE455 /* RecorderView */,
				A4B512FC2C2A968F009BE455 /* AppDelegate.h */,
				A4B512FD2C2A968F009BE455 /* AppDelegate.m */,
				A4B512FF2C2A968F009BE455 /* SceneDelegate.h */,
				A4B513002C2A968F009BE455 /* SceneDelegate.m */,
				A4B513022C2A968F009BE455 /* ViewController.h */,
				A4B513032C2A968F009BE455 /* ViewController.m */,
				A4B513052C2A968F009BE455 /* Main.storyboard */,
				A4B513082C2A9691009BE455 /* Assets.xcassets */,
				A4B5130A2C2A9691009BE455 /* LaunchScreen.storyboard */,
				A4B5130D2C2A9691009BE455 /* Info.plist */,
				A4B5130E2C2A9691009BE455 /* main.m */,
			);
			path = speechDemo;
			sourceTree = "<group>";
		};
		A4B513152C2A96B5009BE455 /* RecorderView */ = {
			isa = PBXGroup;
			children = (
				A4B5132C2C2AA0A9009BE455 /* UIAlertController+Blocks.h */,
				A4B5132B2C2AA0A9009BE455 /* UIAlertController+Blocks.m */,
				A4B513162C2A96E3009BE455 /* RecorderView.h */,
				A4B513172C2A96E3009BE455 /* RecorderView.m */,
				A4B513192C2A98F3009BE455 /* SoundWavesView.h */,
				A4B5131A2C2A98F3009BE455 /* SoundWavesView.m */,
				A4B5131C2C2A9975009BE455 /* SoundWavesLine.h */,
				A4B5131D2C2A9975009BE455 /* SoundWavesLine.m */,
				A4B5131F2C2A998E009BE455 /* Recorder.h */,
				A4B513202C2A998E009BE455 /* Recorder.m */,
				A4B513222C2A99AF009BE455 /* TouchButton.h */,
				A4B513232C2A99AF009BE455 /* TouchButton.m */,
				A4B513252C2A99DB009BE455 /* ControlButton.h */,
				A4B513262C2A99DB009BE455 /* ControlButton.m */,
				A4B513282C2A99F0009BE455 /* RecorderBackgroundView.h */,
				A4B513292C2A99F0009BE455 /* RecorderBackgroundView.m */,
			);
			path = RecorderView;
			sourceTree = "<group>";
		};
		B9A00681C2BB5E2B54F6D6D5 /* Frameworks */ = {
			isa = PBXGroup;
			children = (
				8A459CBFC11B8188127FF979 /* Pods_speechDemo.framework */,
			);
			name = Frameworks;
			sourceTree = "<group>";
		};
/* End PBXGroup section */

/* Begin PBXNativeTarget section */
		A4B512F82C2A968F009BE455 /* speechDemo */ = {
			isa = PBXNativeTarget;
			buildConfigurationList = A4B513122C2A9691009BE455 /* Build configuration list for PBXNativeTarget "speechDemo" */;
			buildPhases = (
				5B55DB5576031571DA92579D /* [CP] Check Pods Manifest.lock */,
				A4B512F52C2A968F009BE455 /* Sources */,
				A4B512F62C2A968F009BE455 /* Frameworks */,
				A4B512F72C2A968F009BE455 /* Resources */,
				2270C66F6AEAF23EF951A194 /* [CP] Embed Pods Frameworks */,
			);
			buildRules = (
			);
			dependencies = (
			);
			name = speechDemo;
			productName = speechDemo;
			productReference = A4B512F92C2A968F009BE455 /* speechDemo.app */;
			productType = "com.apple.product-type.application";
		};
/* End PBXNativeTarget section */

/* Begin PBXProject section */
		A4B512F12C2A968F009BE455 /* Project object */ = {
			isa = PBXProject;
			attributes = {
				BuildIndependentTargetsInParallel = 1;
				LastUpgradeCheck = 1540;
				TargetAttributes = {
					A4B512F82C2A968F009BE455 = {
						CreatedOnToolsVersion = 15.4;
					};
				};
			};
			buildConfigurationList = A4B512F42C2A968F009BE455 /* Build configuration list for PBXProject "speechDemo" */;
			compatibilityVersion = "Xcode 14.0";
			developmentRegion = en;
			hasScannedForEncodings = 0;
			knownRegions = (
				en,
				Base,
			);
			mainGroup = A4B512F02C2A968F009BE455;
			productRefGroup = A4B512FA2C2A968F009BE455 /* Products */;
			projectDirPath = "";
			projectRoot = "";
			targets = (
				A4B512F82C2A968F009BE455 /* speechDemo */,
			);
		};
/* End PBXProject section */

/* Begin PBXResourcesBuildPhase section */
		A4B512F72C2A968F009BE455 /* Resources */ = {
			isa = PBXResourcesBuildPhase;
			buildActionMask = 2147483647;
			files = (
				A4B513092C2A9691009BE455 /* Assets.xcassets in Resources */,
				A4B5130C2C2A9691009BE455 /* Base in Resources */,
				A4B513072C2A968F009BE455 /* Base in Resources */,
			);
			runOnlyForDeploymentPostprocessing = 0;
		};
/* End PBXResourcesBuildPhase section */

/* Begin PBXShellScriptBuildPhase section */
		2270C66F6AEAF23EF951A194 /* [CP] Embed Pods Frameworks */ = {
			isa = PBXShellScriptBuildPhase;
			buildActionMask = 2147483647;
			files = (
			);
			inputFileListPaths = (
				"${PODS_ROOT}/Target Support Files/Pods-speechDemo/Pods-speechDemo-frameworks-${CONFIGURATION}-input-files.xcfilelist",
			);
			name = "[CP] Embed Pods Frameworks";
			outputFileListPaths = (
				"${PODS_ROOT}/Target Support Files/Pods-speechDemo/Pods-speechDemo-frameworks-${CONFIGURATION}-output-files.xcfilelist",
			);
			runOnlyForDeploymentPostprocessing = 0;
			shellPath = /bin/sh;
			shellScript = "\"${PODS_ROOT}/Target Support Files/Pods-speechDemo/Pods-speechDemo-frameworks.sh\"\n";
			showEnvVarsInLog = 0;
		};
		5B55DB5576031571DA92579D /* [CP] Check Pods Manifest.lock */ = {
			isa = PBXShellScriptBuildPhase;
			buildActionMask = 2147483647;
			files = (
			);
			inputFileListPaths = (
			);
			inputPaths = (
				"${PODS_PODFILE_DIR_PATH}/Podfile.lock",
				"${PODS_ROOT}/Manifest.lock",
			);
			name = "[CP] Check Pods Manifest.lock";
			outputFileListPaths = (
			);
			outputPaths = (
				"$(DERIVED_FILE_DIR)/Pods-speechDemo-checkManifestLockResult.txt",
			);
			runOnlyForDeploymentPostprocessing = 0;
			shellPath = /bin/sh;
			shellScript = "diff \"${PODS_PODFILE_DIR_PATH}/Podfile.lock\" \"${PODS_ROOT}/Manifest.lock\" > /dev/null\nif [ $? != 0 ] ; then\n    # print error to STDERR\n    echo \"error: The sandbox is not in sync with the Podfile.lock. Run 'pod install' or update your CocoaPods installation.\" >&2\n    exit 1\nfi\n# This output is used by Xcode 'outputs' to avoid re-running this script phase.\necho \"SUCCESS\" > \"${SCRIPT_OUTPUT_FILE_0}\"\n";
			showEnvVarsInLog = 0;
		};
/* End PBXShellScriptBuildPhase section */

/* Begin PBXSourcesBuildPhase section */
		A4B512F52C2A968F009BE455 /* Sources */ = {
			isa = PBXSourcesBuildPhase;
			buildActionMask = 2147483647;
			files = (
				A4B513182C2A96E3009BE455 /* RecorderView.m in Sources */,
				A4B513272C2A99DB009BE455 /* ControlButton.m in Sources */,
				A4B5132A2C2A99F0009BE455 /* RecorderBackgroundView.m in Sources */,
				A4B513042C2A968F009BE455 /* ViewController.m in Sources */,
				A4B512FE2C2A968F009BE455 /* AppDelegate.m in Sources */,
				A4B513212C2A998E009BE455 /* Recorder.m in Sources */,
				A4B5131E2C2A9975009BE455 /* SoundWavesLine.m in Sources */,
				A4B5131B2C2A98F3009BE455 /* SoundWavesView.m in Sources */,
				A4B5132D2C2AA0A9009BE455 /* UIAlertController+Blocks.m in Sources */,
				A4B513242C2A99AF009BE455 /* TouchButton.m in Sources */,
				A4B5130F2C2A9691009BE455 /* main.m in Sources */,
				A4B513012C2A968F009BE455 /* SceneDelegate.m in Sources */,
			);
			runOnlyForDeploymentPostprocessing = 0;
		};
/* End PBXSourcesBuildPhase section */

/* Begin PBXVariantGroup section */
		A4B513052C2A968F009BE455 /* Main.storyboard */ = {
			isa = PBXVariantGroup;
			children = (
				A4B513062C2A968F009BE455 /* Base */,
			);
			name = Main.storyboard;
			sourceTree = "<group>";
		};
		A4B5130A2C2A9691009BE455 /* LaunchScreen.storyboard */ = {
			isa = PBXVariantGroup;
			children = (
				A4B5130B2C2A9691009BE455 /* Base */,
			);
			name = LaunchScreen.storyboard;
			sourceTree = "<group>";
		};
/* End PBXVariantGroup section */

/* Begin XCBuildConfiguration section */
		A4B513102C2A9691009BE455 /* Debug */ = {
			isa = XCBuildConfiguration;
			buildSettings = {
				ALWAYS_SEARCH_USER_PATHS = NO;
				ASSETCATALOG_COMPILER_GENERATE_SWIFT_ASSET_SYMBOL_EXTENSIONS = YES;
				CLANG_ANALYZER_NONNULL = YES;
				CLANG_ANALYZER_NUMBER_OBJECT_CONVERSION = YES_AGGRESSIVE;
				CLANG_CXX_LANGUAGE_STANDARD = "gnu++20";
				CLANG_ENABLE_MODULES = YES;
				CLANG_ENABLE_OBJC_ARC = YES;
				CLANG_ENABLE_OBJC_WEAK = YES;
				CLANG_WARN_BLOCK_CAPTURE_AUTORELEASING = YES;
				CLANG_WARN_BOOL_CONVERSION = YES;
				CLANG_WARN_COMMA = YES;
				CLANG_WARN_CONSTANT_CONVERSION = YES;
				CLANG_WARN_DEPRECATED_OBJC_IMPLEMENTATIONS = YES;
				CLANG_WARN_DIRECT_OBJC_ISA_USAGE = YES_ERROR;
				CLANG_WARN_DOCUMENTATION_COMMENTS = YES;
				CLANG_WARN_EMPTY_BODY = YES;
				CLANG_WARN_ENUM_CONVERSION = YES;
				CLANG_WARN_INFINITE_RECURSION = YES;
				CLANG_WARN_INT_CONVERSION = YES;
				CLANG_WARN_NON_LITERAL_NULL_CONVERSION = YES;
				CLANG_WARN_OBJC_IMPLICIT_RETAIN_SELF = YES;
				CLANG_WARN_OBJC_LITERAL_CONVERSION = YES;
				CLANG_WARN_OBJC_ROOT_CLASS = YES_ERROR;
				CLANG_WARN_QUOTED_INCLUDE_IN_FRAMEWORK_HEADER = YES;
				CLANG_WARN_RANGE_LOOP_ANALYSIS = YES;
				CLANG_WARN_STRICT_PROTOTYPES = YES;
				CLANG_WARN_SUSPICIOUS_MOVE = YES;
				CLANG_WARN_UNGUARDED_AVAILABILITY = YES_AGGRESSIVE;
				CLANG_WARN_UNREACHABLE_CODE = YES;
				CLANG_WARN__DUPLICATE_METHOD_MATCH = YES;
				COPY_PHASE_STRIP = NO;
				DEBUG_INFORMATION_FORMAT = dwarf;
				ENABLE_STRICT_OBJC_MSGSEND = YES;
				ENABLE_TESTABILITY = YES;
				ENABLE_USER_SCRIPT_SANDBOXING = YES;
				GCC_C_LANGUAGE_STANDARD = gnu17;
				GCC_DYNAMIC_NO_PIC = NO;
				GCC_NO_COMMON_BLOCKS = YES;
				GCC_OPTIMIZATION_LEVEL = 0;
				GCC_PREPROCESSOR_DEFINITIONS = (
					"DEBUG=1",
					"$(inherited)",
				);
				GCC_WARN_64_TO_32_BIT_CONVERSION = YES;
				GCC_WARN_ABOUT_RETURN_TYPE = YES_ERROR;
				GCC_WARN_UNDECLARED_SELECTOR = YES;
				GCC_WARN_UNINITIALIZED_AUTOS = YES_AGGRESSIVE;
				GCC_WARN_UNUSED_FUNCTION = YES;
				GCC_WARN_UNUSED_VARIABLE = YES;
				IPHONEOS_DEPLOYMENT_TARGET = 17.5;
				LOCALIZATION_PREFERS_STRING_CATALOGS = YES;
				MTL_ENABLE_DEBUG_INFO = INCLUDE_SOURCE;
				MTL_FAST_MATH = YES;
				ONLY_ACTIVE_ARCH = YES;
				SDKROOT = iphoneos;
			};
			name = Debug;
		};
		A4B513112C2A9691009BE455 /* Release */ = {
			isa = XCBuildConfiguration;
			buildSettings = {
				ALWAYS_SEARCH_USER_PATHS = NO;
				ASSETCATALOG_COMPILER_GENERATE_SWIFT_ASSET_SYMBOL_EXTENSIONS = YES;
				CLANG_ANALYZER_NONNULL = YES;
				CLANG_ANALYZER_NUMBER_OBJECT_CONVERSION = YES_AGGRESSIVE;
				CLANG_CXX_LANGUAGE_STANDARD = "gnu++20";
				CLANG_ENABLE_MODULES = YES;
				CLANG_ENABLE_OBJC_ARC = YES;
				CLANG_ENABLE_OBJC_WEAK = YES;
				CLANG_WARN_BLOCK_CAPTURE_AUTORELEASING = YES;
				CLANG_WARN_BOOL_CONVERSION = YES;
				CLANG_WARN_COMMA = YES;
				CLANG_WARN_CONSTANT_CONVERSION = YES;
				CLANG_WARN_DEPRECATED_OBJC_IMPLEMENTATIONS = YES;
				CLANG_WARN_DIRECT_OBJC_ISA_USAGE = YES_ERROR;
				CLANG_WARN_DOCUMENTATION_COMMENTS = YES;
				CLANG_WARN_EMPTY_BODY = YES;
				CLANG_WARN_ENUM_CONVERSION = YES;
				CLANG_WARN_INFINITE_RECURSION = YES;
				CLANG_WARN_INT_CONVERSION = YES;
				CLANG_WARN_NON_LITERAL_NULL_CONVERSION = YES;
				CLANG_WARN_OBJC_IMPLICIT_RETAIN_SELF = YES;
				CLANG_WARN_OBJC_LITERAL_CONVERSION = YES;
				CLANG_WARN_OBJC_ROOT_CLASS = YES_ERROR;
				CLANG_WARN_QUOTED_INCLUDE_IN_FRAMEWORK_HEADER = YES;
				CLANG_WARN_RANGE_LOOP_ANALYSIS = YES;
				CLANG_WARN_STRICT_PROTOTYPES = YES;
				CLANG_WARN_SUSPICIOUS_MOVE = YES;
				CLANG_WARN_UNGUARDED_AVAILABILITY = YES_AGGRESSIVE;
				CLANG_WARN_UNREACHABLE_CODE = YES;
				CLANG_WARN__DUPLICATE_METHOD_MATCH = YES;
				COPY_PHASE_STRIP = NO;
				DEBUG_INFORMATION_FORMAT = "dwarf-with-dsym";
				ENABLE_NS_ASSERTIONS = NO;
				ENABLE_STRICT_OBJC_MSGSEND = YES;
				ENABLE_USER_SCRIPT_SANDBOXING = YES;
				GCC_C_LANGUAGE_STANDARD = gnu17;
				GCC_NO_COMMON_BLOCKS = YES;
				GCC_WARN_64_TO_32_BIT_CONVERSION = YES;
				GCC_WARN_ABOUT_RETURN_TYPE = YES_ERROR;
				GCC_WARN_UNDECLARED_SELECTOR = YES;
				GCC_WARN_UNINITIALIZED_AUTOS = YES_AGGRESSIVE;
				GCC_WARN_UNUSED_FUNCTION = YES;
				GCC_WARN_UNUSED_VARIABLE = YES;
				IPHONEOS_DEPLOYMENT_TARGET = 17.5;
				LOCALIZATION_PREFERS_STRING_CATALOGS = YES;
				MTL_ENABLE_DEBUG_INFO = NO;
				MTL_FAST_MATH = YES;
				SDKROOT = iphoneos;
				VALIDATE_PRODUCT = YES;
			};
			name = Release;
		};
		A4B513132C2A9691009BE455 /* Debug */ = {
			isa = XCBuildConfiguration;
			baseConfigurationReference = 8F1D6DA9B691E0D2C6F42CC8 /* Pods-speechDemo.debug.xcconfig */;
			buildSettings = {
				ASSETCATALOG_COMPILER_APPICON_NAME = AppIcon;
				ASSETCATALOG_COMPILER_GLOBAL_ACCENT_COLOR_NAME = AccentColor;
				CODE_SIGN_STYLE = Automatic;
				CURRENT_PROJECT_VERSION = 1;
				DEVELOPMENT_TEAM = PC8ALQ6DAN;
				ENABLE_USER_SCRIPT_SANDBOXING = NO;
				GENERATE_INFOPLIST_FILE = YES;
				INFOPLIST_FILE = speechDemo/Info.plist;
				INFOPLIST_KEY_UIApplicationSupportsIndirectInputEvents = YES;
				INFOPLIST_KEY_UILaunchStoryboardName = LaunchScreen;
				INFOPLIST_KEY_UIMainStoryboardFile = Main;
				INFOPLIST_KEY_UISupportedInterfaceOrientations_iPad = "UIInterfaceOrientationPortrait UIInterfaceOrientationPortraitUpsideDown UIInterfaceOrientationLandscapeLeft UIInterfaceOrientationLandscapeRight";
				INFOPLIST_KEY_UISupportedInterfaceOrientations_iPhone = "UIInterfaceOrientationPortrait UIInterfaceOrientationLandscapeLeft UIInterfaceOrientationLandscapeRight";
				IPHONEOS_DEPLOYMENT_TARGET = 12.0;
				LD_RUNPATH_SEARCH_PATHS = (
					"$(inherited)",
					"@executable_path/Frameworks",
				);
				MARKETING_VERSION = 1.0;
				PRODUCT_BUNDLE_IDENTIFIER = com.ming.speechDemo;
				PRODUCT_NAME = "$(TARGET_NAME)";
				SWIFT_EMIT_LOC_STRINGS = YES;
				TARGETED_DEVICE_FAMILY = "1,2";
			};
			name = Debug;
		};
		A4B513142C2A9691009BE455 /* Release */ = {
			isa = XCBuildConfiguration;
			baseConfigurationReference = 921D74D0DEB3CF66388E368A /* Pods-speechDemo.release.xcconfig */;
			buildSettings = {
				ASSETCATALOG_COMPILER_APPICON_NAME = AppIcon;
				ASSETCATALOG_COMPILER_GLOBAL_ACCENT_COLOR_NAME = AccentColor;
				CODE_SIGN_STYLE = Automatic;
				CURRENT_PROJECT_VERSION = 1;
				DEVELOPMENT_TEAM = PC8ALQ6DAN;
				ENABLE_USER_SCRIPT_SANDBOXING = NO;
				GENERATE_INFOPLIST_FILE = YES;
				INFOPLIST_FILE = speechDemo/Info.plist;
				INFOPLIST_KEY_UIApplicationSupportsIndirectInputEvents = YES;
				INFOPLIST_KEY_UILaunchStoryboardName = LaunchScreen;
				INFOPLIST_KEY_UIMainStoryboardFile = Main;
				INFOPLIST_KEY_UISupportedInterfaceOrientations_iPad = "UIInterfaceOrientationPortrait UIInterfaceOrientationPortraitUpsideDown UIInterfaceOrientationLandscapeLeft UIInterfaceOrientationLandscapeRight";
				INFOPLIST_KEY_UISupportedInterfaceOrientations_iPhone = "UIInterfaceOrientationPortrait UIInterfaceOrientationLandscapeLeft UIInterfaceOrientationLandscapeRight";
				IPHONEOS_DEPLOYMENT_TARGET = 12.0;
				LD_RUNPATH_SEARCH_PATHS = (
					"$(inherited)",
					"@executable_path/Frameworks",
				);
				MARKETING_VERSION = 1.0;
				PRODUCT_BUNDLE_IDENTIFIER = com.ming.speechDemo;
				PRODUCT_NAME = "$(TARGET_NAME)";
				SWIFT_EMIT_LOC_STRINGS = YES;
				TARGETED_DEVICE_FAMILY = "1,2";
			};
			name = Release;
		};
/* End XCBuildConfiguration section */

/* Begin XCConfigurationList section */
		A4B512F42C2A968F009BE455 /* Build configuration list for PBXProject "speechDemo" */ = {
			isa = XCConfigurationList;
			buildConfigurations = (
				A4B513102C2A9691009BE455 /* Debug */,
				A4B513112C2A9691009BE455 /* Release */,
			);
			defaultConfigurationIsVisible = 0;
			defaultConfigurationName = Release;
		};
		A4B513122C2A9691009BE455 /* Build configuration list for PBXNativeTarget "speechDemo" */ = {
			isa = XCConfigurationList;
			buildConfigurations = (
				A4B513132C2A9691009BE455 /* Debug */,
				A4B513142C2A9691009BE455 /* Release */,
			);
			defaultConfigurationIsVisible = 0;
			defaultConfigurationName = Release;
		};
/* End XCConfigurationList section */
	};
	rootObject = A4B512F12C2A968F009BE455 /* Project object */;
}
